
Microsoft Visual Studio Solution File, Format Version 11.00
# Visual Studio 2010
Project("{FAE04EC0-301F-11D3-BF4B-00C04F79EFBC}") = "Assembly-CSharp", "Assembly-CSharp.csproj", "{09909643-ECB6-D87D-9C34-D8219AD208B0}"
EndProject
Project("{FAE04EC0-301F-11D3-BF4B-00C04F79EFBC}") = "Assembly-CSharp-Editor", "Assembly-CSharp-Editor.csproj", "{89C47397-4F78-12CD-131A-A5E9293CCBB2}"
EndProject
Global
	GlobalSection(SolutionConfigurationPlatforms) = preSolution
		Debug|Any CPU = Debug|Any CPU
		Release|Any CPU = Release|Any CPU
	EndGlobalSection
	GlobalSection(ProjectConfigurationPlatforms) = postSolution
		{09909643-ECB6-D87D-9C34-D8219AD208B0}.Debug|Any CPU.ActiveCfg = Debug|Any CPU
		{09909643-ECB6-D87D-9C34-D8219AD208B0}.Debug|Any CPU.Build.0 = Debug|Any CPU
		{09909643-ECB6-D87D-9C34-D8219AD208B0}.Release|Any CPU.ActiveCfg = Release|Any CPU
		{09909643-ECB6-D87D-9C34-D8219AD208B0}.Release|Any CPU.Build.0 = Release|Any CPU
		{89C47397-4F78-12CD-131A-A5E9293CCBB2}.Debug|Any CPU.ActiveCfg = Debug|Any CPU
		{89C47397-4F78-12CD-131A-A5E9293CCBB2}.Debug|Any CPU.Build.0 = Debug|Any CPU
		{89C47397-4F78-12CD-131A-A5E9293CCBB2}.Release|Any CPU.ActiveCfg = Release|Any CPU
		{89C47397-4F78-12CD-131A-A5E9293CCBB2}.Release|Any CPU.Build.0 = Release|Any CPU
	EndGlobalSection
	GlobalSection(SolutionProperties) = preSolution
		HideSolutionNode = FALSE
	EndGlobalSection
EndGlobal
